// !$*UTF8*$!
{
	archiveVersion = 1;
	classes = {
	};
	objectVersion = 77;
	objects = {

/* Begin PBXContainerItemProxy section */
		ED125FAC2D7F33C900C24B01 /* PBXContainerItemProxy */ = {
			isa = PBXContainerItemProxy;
			containerPortal = ED125F922D7F33C800C24B01 /* Project object */;
			proxyType = 1;
			remoteGlobalIDString = ED125F992D7F33C800C24B01;
			remoteInfo = learningv1;
		};
		ED125FB62D7F33C900C24B01 /* PBXContainerItemProxy */ = {
			isa = PBXContainerItemProxy;
			containerPortal = ED125F922D7F33C800C24B01 /* Project object */;
			proxyType = 1;
			remoteGlobalIDString = ED125F992D7F33C800C24B01;
			remoteInfo = learningv1;
		};
/* End PBXContainerItemProxy section */

/* Begin PBXFileReference section */
		ED125F9A2D7F33C800C24B01 /* learningv1.app */ = {isa = PBXFileReference; explicitFileType = wrapper.application; includeInIndex = 0; path = learningv1.app; sourceTree = BUILT_PRODUCTS_DIR; };
		ED125FAB2D7F33C900C24B01 /* learningv1Tests.xctest */ = {isa = PBXFileReference; explicitFileType = wrapper.cfbundle; includeInIndex = 0; path = learningv1Tests.xctest; sourceTree = BUILT_PRODUCTS_DIR; };
		ED125FB52D7F33C900C24B01 /* learningv1UITests.xctest */ = {isa = PBXFileReference; explicitFileType = wrapper.cfbundle; includeInIndex = 0; path = learningv1UITests.xctest; sourceTree = BUILT_PRODUCTS_DIR; };
/* End PBXFileReference section */

/* Begin PBXFileSystemSynchronizedRootGroup section */
		ED125F9C2D7F33C800C24B01 /* learningv1 */ = {
			isa = PBXFileSystemSynchronizedRootGroup;
			path = learningv1;
			sourceTree = "<group>";
		};
		ED125FAE2D7F33C900C24B01 /* learningv1Tests */ = {
			isa = PBXFileSystemSynchronizedRootGroup;
			path = learningv1Tests;
			sourceTree = "<group>";
		};
		ED125FB82D7F33C900C24B01 /* learningv1UITests */ = {
			isa = PBXFileSystemSynchronizedRootGroup;
			path = learningv1UITests;
			sourceTree = "<group>";
		};
/* End PBXFileSystemSynchronizedRootGroup section */

/* Begin PBXFrameworksBuildPhase section */
		ED125F972D7F33C800C24B01 /* Frameworks */ = {
			isa = PBXFrameworksBuildPhase;
			buildActionMask = 2147483647;
			files = (
			);
			runOnlyForDeploymentPostprocessing = 0;
		};
		ED125FA82D7F33C900C24B01 /* Frameworks */ = {
			isa = PBXFrameworksBuildPhase;
			buildActionMask = 2147483647;
			files = (
			);
			runOnlyForDeploymentPostprocessing = 0;
		};
		ED125FB22D7F33C900C24B01 /* Frameworks */ = {
			isa = PBXFrameworksBuildPhase;
			buildActionMask = 2147483647;
			files = (
			);
			runOnlyForDeploymentPostprocessing = 0;
		};
/* End PBXFrameworksBuildPhase section */

/* Begin PBXGroup section */
		ED125F912D7F33C800C24B01 = {
			isa = PBXGroup;
			children = (
				ED125F9C2D7F33C800C24B01 /* learningv1 */,
				ED125FAE2D7F33C900C24B01 /* learningv1Tests */,
				ED125FB82D7F33C900C24B01 /* learningv1UITests */,
				ED125F9B2D7F33C800C24B01 /* Products */,
			);
			sourceTree = "<group>";
		};
		ED125F9B2D7F33C800C24B01 /* Products */ = {
			isa = PBXGroup;
			children = (
				ED125F9A2D7F33C800C24B01 /* learningv1.app */,
				ED125FAB2D7F33C900C24B01 /* learningv1Tests.xctest */,
				ED125FB52D7F33C900C24B01 /* learningv1UITests.xctest */,
			);
			name = Products;
			sourceTree = "<group>";
		};
/* End PBXGroup section */

/* Begin PBXNativeTarget section */
		ED125F992D7F33C800C24B01 /* learningv1 */ = {
			isa = PBXNativeTarget;
			buildConfigurationList = ED125FBF2D7F33C900C24B01 /* Build configuration list for PBXNativeTarget "learningv1" */;
			buildPhases = (
				ED125F962D7F33C800C24B01 /* Sources */,
				ED125F972D7F33C800C24B01 /* Frameworks */,
				ED125F982D7F33C800C24B01 /* Resources */,
			);
			buildRules = (
			);
			dependencies = (
			);
			fileSystemSynchronizedGroups = (
				ED125F9C2D7F33C800C24B01 /* learningv1 */,
			);
			name = learningv1;
			packageProductDependencies = (
			);
			productName = learningv1;
			productReference = ED125F9A2D7F33C800C24B01 /* learningv1.app */;
			productType = "com.apple.product-type.application";
		};
		ED125FAA2D7F33C900C24B01 /* learningv1Tests */ = {
			isa = PBXNativeTarget;
			buildConfigurationList = ED125FC22D7F33C900C24B01 /* Build configuration list for PBXNativeTarget "learningv1Tests" */;
			buildPhases = (
				ED125FA72D7F33C900C24B01 /* Sources */,
				ED125FA82D7F33C900C24B01 /* Frameworks */,
				ED125FA92D7F33C900C24B01 /* Resources */,
			);
			buildRules = (
			);
			dependencies = (
				ED125FAD2D7F33C900C24B01 /* PBXTargetDependency */,
			);
			fileSystemSynchronizedGroups = (
				ED125FAE2D7F33C900C24B01 /* learningv1Tests */,
			);
			name = learningv1Tests;
			packageProductDependencies = (
			);
			productName = learningv1Tests;
			productReference = ED125FAB2D7F33C900C24B01 /* learningv1Tests.xctest */;
			productType = "com.apple.product-type.bundle.unit-test";
		};
		ED125FB42D7F33C900C24B01 /* learningv1UITests */ = {
			isa = PBXNativeTarget;
			buildConfigurationList = ED125FC52D7F33C900C24B01 /* Build configuration list for PBXNativeTarget "learningv1UITests" */;
			buildPhases = (
				ED125FB12D7F33C900C24B01 /* Sources */,
				ED125FB22D7F33C900C24B01 /* Frameworks */,
				ED125FB32D7F33C900C24B01 /* Resources */,
			);
			buildRules = (
			);
			dependencies = (
				ED125FB72D7F33C900C24B01 /* PBXTargetDependency */,
			);
			fileSystemSynchronizedGroups = (
				ED125FB82D7F33C900C24B01 /* learningv1UITests */,
			);
			name = learningv1UITests;
			packageProductDependencies = (
			);
			productName = learningv1UITests;
			productReference = ED125FB52D7F33C900C24B01 /* learningv1UITests.xctest */;
			productType = "com.apple.product-type.bundle.ui-testing";
		};
/* End PBXNativeTarget section */

/* Begin PBXProject section */
		ED125F922D7F33C800C24B01 /* Project object */ = {
			isa = PBXProject;
			attributes = {
				BuildIndependentTargetsInParallel = 1;
				LastSwiftUpdateCheck = 1620;
				LastUpgradeCheck = 1620;
				TargetAttributes = {
					ED125F992D7F33C800C24B01 = {
						CreatedOnToolsVersion = 16.2;
					};
					ED125FAA2D7F33C900C24B01 = {
						CreatedOnToolsVersion = 16.2;
						TestTargetID = ED125F992D7F33C800C24B01;
					};
					ED125FB42D7F33C900C24B01 = {
						CreatedOnToolsVersion = 16.2;
						TestTargetID = ED125F992D7F33C800C24B01;
					};
				};
			};
			buildConfigurationList = ED125F952D7F33C800C24B01 /* Build configuration list for PBXProject "learningv1" */;
			developmentRegion = en;
			hasScannedForEncodings = 0;
			knownRegions = (
				en,
				Base,
			);
			mainGroup = ED125F912D7F33C800C24B01;
			minimizedProjectReferenceProxies = 1;
			preferredProjectObjectVersion = 77;
			productRefGroup = ED125F9B2D7F33C800C24B01 /* Products */;
			projectDirPath = "";
			projectRoot = "";
			targets = (
				ED125F992D7F33C800C24B01 /* learningv1 */,
				ED125FAA2D7F33C900C24B01 /* learningv1Tests */,
				ED125FB42D7F33C900C24B01 /* learningv1UITests */,
			);
		};
/* End PBXProject section */

/* Begin PBXResourcesBuildPhase section */
		ED125F982D7F33C800C24B01 /* Resources */ = {
			isa = PBXResourcesBuildPhase;
			buildActionMask = 2147483647;
			files = (
			);
			runOnlyForDeploymentPostprocessing = 0;
		};
		ED125FA92D7F33C900C24B01 /* Resources */ = {
			isa = PBXResourcesBuildPhase;
			buildActionMask = 2147483647;
			files = (
			);
			runOnlyForDeploymentPostprocessing = 0;
		};
		ED125FB32D7F33C900C24B01 /* Resources */ = {
			isa = PBXResourcesBuildPhase;
			buildActionMask = 2147483647;
			files = (
			);
			runOnlyForDeploymentPostprocessing = 0;
		};
/* End PBXResourcesBuildPhase section */

/* Begin PBXSourcesBuildPhase section */
		ED125F962D7F33C800C24B01 /* Sources */ = {
			isa = PBXSourcesBuildPhase;
			buildActionMask = 2147483647;
			files = (
			);
			runOnlyForDeploymentPostprocessing = 0;
		};
		ED125FA72D7F33C900C24B01 /* Sources */ = {
			isa = PBXSourcesBuildPhase;
			buildActionMask = 2147483647;
			files = (
			);
			runOnlyForDeploymentPostprocessing = 0;
		};
		ED125FB12D7F33C900C24B01 /* Sources */ = {
			isa = PBXSourcesBuildPhase;
			buildActionMask = 2147483647;
			files = (
			);
			runOnlyForDeploymentPostprocessing = 0;
		};
/* End PBXSourcesBuildPhase section */

/* Begin PBXTargetDependency section */
		ED125FAD2D7F33C900C24B01 /* PBXTargetDependency */ = {
			isa = PBXTargetDependency;
			target = ED125F992D7F33C800C24B01 /* learningv1 */;
			targetProxy = ED125FAC2D7F33C900C24B01 /* PBXContainerItemProxy */;
		};
		ED125FB72D7F33C900C24B01 /* PBXTargetDependency */ = {
			isa = PBXTargetDependency;
			target = ED125F992D7F33C800C24B01 /* learningv1 */;
			targetProxy = ED125FB62D7F33C900C24B01 /* PBXContainerItemProxy */;
		};
/* End PBXTargetDependency section */

/* Begin XCBuildConfiguration section */
		ED125FBD2D7F33C900C24B01 /* Debug */ = {
			isa = XCBuildConfiguration;
			buildSettings = {
				ALWAYS_SEARCH_USER_PATHS = NO;
				ASSETCATALOG_COMPILER_GENERATE_SWIFT_ASSET_SYMBOL_EXTENSIONS = YES;
				CLANG_ANALYZER_NONNULL = YES;
				CLANG_ANALYZER_NUMBER_OBJECT_CONVERSION = YES_AGGRESSIVE;
				CLANG_CXX_LANGUAGE_STANDARD = "gnu++20";
				CLANG_ENABLE_MODULES = YES;
				CLANG_ENABLE_OBJC_ARC = YES;
				CLANG_ENABLE_OBJC_WEAK = YES;
				CLANG_WARN_BLOCK_CAPTURE_AUTORELEASING = YES;
				CLANG_WARN_BOOL_CONVERSION = YES;
				CLANG_WARN_COMMA = YES;
				CLANG_WARN_CONSTANT_CONVERSION = YES;
				CLANG_WARN_DEPRECATED_OBJC_IMPLEMENTATIONS = YES;
				CLANG_WARN_DIRECT_OBJC_ISA_USAGE = YES_ERROR;
				CLANG_WARN_DOCUMENTATION_COMMENTS = YES;
				CLANG_WARN_EMPTY_BODY = YES;
				CLANG_WARN_ENUM_CONVERSION = YES;
				CLANG_WARN_INFINITE_RECURSION = YES;
				CLANG_WARN_INT_CONVERSION = YES;
				CLANG_WARN_NON_LITERAL_NULL_CONVERSION = YES;
				CLANG_WARN_OBJC_IMPLICIT_RETAIN_SELF = YES;
				CLANG_WARN_OBJC_LITERAL_CONVERSION = YES;
				CLANG_WARN_OBJC_ROOT_CLASS = YES_ERROR;
				CLANG_WARN_QUOTED_INCLUDE_IN_FRAMEWORK_HEADER = YES;
				CLANG_WARN_RANGE_LOOP_ANALYSIS = YES;
				CLANG_WARN_STRICT_PROTOTYPES = YES;
				CLANG_WARN_SUSPICIOUS_MOVE = YES;
				CLANG_WARN_UNGUARDED_AVAILABILITY = YES_AGGRESSIVE;
				CLANG_WARN_UNREACHABLE_CODE = YES;
				CLANG_WARN__DUPLICATE_METHOD_MATCH = YES;
				COPY_PHASE_STRIP = NO;
				DEBUG_INFORMATION_FORMAT = dwarf;
				ENABLE_STRICT_OBJC_MSGSEND = YES;
				ENABLE_TESTABILITY = YES;
				ENABLE_USER_SCRIPT_SANDBOXING = YES;
				GCC_C_LANGUAGE_STANDARD = gnu17;
				GCC_DYNAMIC_NO_PIC = NO;
				GCC_NO_COMMON_BLOCKS = YES;
				GCC_OPTIMIZATION_LEVEL = 0;
				GCC_PREPROCESSOR_DEFINITIONS = (
					"DEBUG=1",
					"$(inherited)",
				);
				GCC_WARN_64_TO_32_BIT_CONVERSION = YES;
				GCC_WARN_ABOUT_RETURN_TYPE = YES_ERROR;
				GCC_WARN_UNDECLARED_SELECTOR = YES;
				GCC_WARN_UNINITIALIZED_AUTOS = YES_AGGRESSIVE;
				GCC_WARN_UNUSED_FUNCTION = YES;
				GCC_WARN_UNUSED_VARIABLE = YES;
				LOCALIZATION_PREFERS_STRING_CATALOGS = YES;
				MACOSX_DEPLOYMENT_TARGET = 15.2;
				MTL_ENABLE_DEBUG_INFO = INCLUDE_SOURCE;
				MTL_FAST_MATH = YES;
				ONLY_ACTIVE_ARCH = YES;
				SDKROOT = macosx;
				SWIFT_ACTIVE_COMPILATION_CONDITIONS = "DEBUG $(inherited)";
				SWIFT_OPTIMIZATION_LEVEL = "-Onone";
			};
			name = Debug;
		};
		ED125FBE2D7F33C900C24B01 /* Release */ = {
			isa = XCBuildConfiguration;
			buildSettings = {
				ALWAYS_SEARCH_USER_PATHS = NO;
				ASSETCATALOG_COMPILER_GENERATE_SWIFT_ASSET_SYMBOL_EXTENSIONS = YES;
				CLANG_ANALYZER_NONNULL = YES;
				CLANG_ANALYZER_NUMBER_OBJECT_CONVERSION = YES_AGGRESSIVE;
				CLANG_CXX_LANGUAGE_STANDARD = "gnu++20";
				CLANG_ENABLE_MODULES = YES;
				CLANG_ENABLE_OBJC_ARC = YES;
				CLANG_ENABLE_OBJC_WEAK = YES;
				CLANG_WARN_BLOCK_CAPTURE_AUTORELEASING = YES;
				CLANG_WARN_BOOL_CONVERSION = YES;
				CLANG_WARN_COMMA = YES;
				CLANG_WARN_CONSTANT_CONVERSION = YES;
				CLANG_WARN_DEPRECATED_OBJC_IMPLEMENTATIONS = YES;
				CLANG_WARN_DIRECT_OBJC_ISA_USAGE = YES_ERROR;
				CLANG_WARN_DOCUMENTATION_COMMENTS = YES;
				CLANG_WARN_EMPTY_BODY = YES;
				CLANG_WARN_ENUM_CONVERSION = YES;
				CLANG_WARN_INFINITE_RECURSION = YES;
				CLANG_WARN_INT_CONVERSION = YES;
				CLANG_WARN_NON_LITERAL_NULL_CONVERSION = YES;
				CLANG_WARN_OBJC_IMPLICIT_RETAIN_SELF = YES;
				CLANG_WARN_OBJC_LITERAL_CONVERSION = YES;
				CLANG_WARN_OBJC_ROOT_CLASS = YES_ERROR;
				CLANG_WARN_QUOTED_INCLUDE_IN_FRAMEWORK_HEADER = YES;
				CLANG_WARN_RANGE_LOOP_ANALYSIS = YES;
				CLANG_WARN_STRICT_PROTOTYPES = YES;
				CLANG_WARN_SUSPICIOUS_MOVE = YES;
				CLANG_WARN_UNGUARDED_AVAILABILITY = YES_AGGRESSIVE;
				CLANG_WARN_UNREACHABLE_CODE = YES;
				CLANG_WARN__DUPLICATE_METHOD_MATCH = YES;
				COPY_PHASE_STRIP = NO;
				DEBUG_INFORMATION_FORMAT = "dwarf-with-dsym";
				ENABLE_NS_ASSERTIONS = NO;
				ENABLE_STRICT_OBJC_MSGSEND = YES;
				ENABLE_USER_SCRIPT_SANDBOXING = YES;
				GCC_C_LANGUAGE_STANDARD = gnu17;
				GCC_NO_COMMON_BLOCKS = YES;
				GCC_WARN_64_TO_32_BIT_CONVERSION = YES;
				GCC_WARN_ABOUT_RETURN_TYPE = YES_ERROR;
				GCC_WARN_UNDECLARED_SELECTOR = YES;
				GCC_WARN_UNINITIALIZED_AUTOS = YES_AGGRESSIVE;
				GCC_WARN_UNUSED_FUNCTION = YES;
				GCC_WARN_UNUSED_VARIABLE = YES;
				LOCALIZATION_PREFERS_STRING_CATALOGS = YES;
				MACOSX_DEPLOYMENT_TARGET = 15.2;
				MTL_ENABLE_DEBUG_INFO = NO;
				MTL_FAST_MATH = YES;
				SDKROOT = macosx;
				SWIFT_COMPILATION_MODE = wholemodule;
			};
			name = Release;
		};
		ED125FC02D7F33C900C24B01 /* Debug */ = {
			isa = XCBuildConfiguration;
			buildSettings = {
				ASSETCATALOG_COMPILER_APPICON_NAME = AppIcon;
				ASSETCATALOG_COMPILER_GLOBAL_ACCENT_COLOR_NAME = AccentColor;
				CODE_SIGN_ENTITLEMENTS = learningv1/learningv1.entitlements;
				CODE_SIGN_STYLE = Automatic;
				COMBINE_HIDPI_IMAGES = YES;
				CURRENT_PROJECT_VERSION = 1;
				DEVELOPMENT_ASSET_PATHS = "\"learningv1/Preview Content\"";
				ENABLE_PREVIEWS = YES;
				GENERATE_INFOPLIST_FILE = YES;
				INFOPLIST_KEY_NSHumanReadableCopyright = "";
				LD_RUNPATH_SEARCH_PATHS = (
					"$(inherited)",
					"@executable_path/../Frameworks",
				);
				MARKETING_VERSION = 1.0;
				PRODUCT_BUNDLE_IDENTIFIER = learningv1.learningv1;
				PRODUCT_NAME = "$(TARGET_NAME)";
				SWIFT_EMIT_LOC_STRINGS = YES;
				SWIFT_VERSION = 5.0;
			};
			name = Debug;
		};
		ED125FC12D7F33C900C24B01 /* Release */ = {
			isa = XCBuildConfiguration;
			buildSettings = {
				ASSETCATALOG_COMPILER_APPICON_NAME = AppIcon;
				ASSETCATALOG_COMPILER_GLOBAL_ACCENT_COLOR_NAME = AccentColor;
				CODE_SIGN_ENTITLEMENTS = learningv1/learningv1.entitlements;
				CODE_SIGN_STYLE = Automatic;
				COMBINE_HIDPI_IMAGES = YES;
				CURRENT_PROJECT_VERSION = 1;
				DEVELOPMENT_ASSET_PATHS = "\"learningv1/Preview Content\"";
				ENABLE_PREVIEWS = YES;
				GENERATE_INFOPLIST_FILE = YES;
				INFOPLIST_KEY_NSHumanReadableCopyright = "";
				LD_RUNPATH_SEARCH_PATHS = (
					"$(inherited)",
					"@executable_path/../Frameworks",
				);
				MARKETING_VERSION = 1.0;
				PRODUCT_BUNDLE_IDENTIFIER = learningv1.learningv1;
				PRODUCT_NAME = "$(TARGET_NAME)";
				SWIFT_EMIT_LOC_STRINGS = YES;
				SWIFT_VERSION = 5.0;
			};
			name = Release;
		};
		ED125FC32D7F33C900C24B01 /* Debug */ = {
			isa = XCBuildConfiguration;
			buildSettings = {
				BUNDLE_LOADER = "$(TEST_HOST)";
				CODE_SIGN_STYLE = Automatic;
				CURRENT_PROJECT_VERSION = 1;
				GENERATE_INFOPLIST_FILE = YES;
				MACOSX_DEPLOYMENT_TARGET = 15.2;
				MARKETING_VERSION = 1.0;
				PRODUCT_BUNDLE_IDENTIFIER = learningv1.learningv1Tests;
				PRODUCT_NAME = "$(TARGET_NAME)";
				SWIFT_EMIT_LOC_STRINGS = NO;
				SWIFT_VERSION = 5.0;
				TEST_HOST = "$(BUILT_PRODUCTS_DIR)/learningv1.app/$(BUNDLE_EXECUTABLE_FOLDER_PATH)/learningv1";
			};
			name = Debug;
		};
		ED125FC42D7F33C900C24B01 /* Release */ = {
			isa = XCBuildConfiguration;
			buildSettings = {
				BUNDLE_LOADER = "$(TEST_HOST)";
				CODE_SIGN_STYLE = Automatic;
				CURRENT_PROJECT_VERSION = 1;
				GENERATE_INFOPLIST_FILE = YES;
				MACOSX_DEPLOYMENT_TARGET = 15.2;
				MARKETING_VERSION = 1.0;
				PRODUCT_BUNDLE_IDENTIFIER = learningv1.learningv1Tests;
				PRODUCT_NAME = "$(TARGET_NAME)";
				SWIFT_EMIT_LOC_STRINGS = NO;
				SWIFT_VERSION = 5.0;
				TEST_HOST = "$(BUILT_PRODUCTS_DIR)/learningv1.app/$(BUNDLE_EXECUTABLE_FOLDER_PATH)/learningv1";
			};
			name = Release;
		};
		ED125FC62D7F33C900C24B01 /* Debug */ = {
			isa = XCBuildConfiguration;
			buildSettings = {
				CODE_SIGN_STYLE = Automatic;
				CURRENT_PROJECT_VERSION = 1;
				GENERATE_INFOPLIST_FILE = YES;
				MARKETING_VERSION = 1.0;
				PRODUCT_BUNDLE_IDENTIFIER = learningv1.learningv1UITests;
				PRODUCT_NAME = "$(TARGET_NAME)";
				SWIFT_EMIT_LOC_STRINGS = NO;
				SWIFT_VERSION = 5.0;
				TEST_TARGET_NAME = learningv1;
			};
			name = Debug;
		};
		ED125FC72D7F33C900C24B01 /* Release */ = {
			isa = XCBuildConfiguration;
			buildSettings = {
				CODE_SIGN_STYLE = Automatic;
				CURRENT_PROJECT_VERSION = 1;
				GENERATE_INFOPLIST_FILE = YES;
				MARKETING_VERSION = 1.0;
				PRODUCT_BUNDLE_IDENTIFIER = learningv1.learningv1UITests;
				PRODUCT_NAME = "$(TARGET_NAME)";
				SWIFT_EMIT_LOC_STRINGS = NO;
				SWIFT_VERSION = 5.0;
				TEST_TARGET_NAME = learningv1;
			};
			name = Release;
		};
/* End XCBuildConfiguration section */

/* Begin XCConfigurationList section */
		ED125F952D7F33C800C24B01 /* Build configuration list for PBXProject "learningv1" */ = {
			isa = XCConfigurationList;
			buildConfigurations = (
				ED125FBD2D7F33C900C24B01 /* Debug */,
				ED125FBE2D7F33C900C24B01 /* Release */,
			);
			defaultConfigurationIsVisible = 0;
			defaultConfigurationName = Release;
		};
		ED125FBF2D7F33C900C24B01 /* Build configuration list for PBXNativeTarget "learningv1" */ = {
			isa = XCConfigurationList;
			buildConfigurations = (
				ED125FC02D7F33C900C24B01 /* Debug */,
				ED125FC12D7F33C900C24B01 /* Release */,
			);
			defaultConfigurationIsVisible = 0;
			defaultConfigurationName = Release;
		};
		ED125FC22D7F33C900C24B01 /* Build configuration list for PBXNativeTarget "learningv1Tests" */ = {
			isa = XCConfigurationList;
			buildConfigurations = (
				ED125FC32D7F33C900C24B01 /* Debug */,
				ED125FC42D7F33C900C24B01 /* Release */,
			);
			defaultConfigurationIsVisible = 0;
			defaultConfigurationName = Release;
		};
		ED125FC52D7F33C900C24B01 /* Build configuration list for PBXNativeTarget "learningv1UITests" */ = {
			isa = XCConfigurationList;
			buildConfigurations = (
				ED125FC62D7F33C900C24B01 /* Debug */,
				ED125FC72D7F33C900C24B01 /* Release */,
			);
			defaultConfigurationIsVisible = 0;
			defaultConfigurationName = Release;
		};
/* End XCConfigurationList section */
	};
	rootObject = ED125F922D7F33C800C24B01 /* Project object */;
}
